<?xml version="1.0" encoding="UTF-8"?>
<!DOCTYPE plist PUBLIC "-//Apple//DTD PLIST 1.0//EN" "http://www.apple.com/DTDs/PropertyList-1.0.dtd">
<plist version="1.0">
<dict>
	<key>archiveVersion</key>
	<string>1</string>
	<key>classes</key>
	<dict/>
	<key>objectVersion</key>
	<string>46</string>
	<key>objects</key>
	<dict>
		<key>0482E64C4FF499DE955F3DDC</key>
		<dict>
			<key>includeInIndex</key>
			<string>1</string>
			<key>isa</key>
			<string>PBXFileReference</string>
			<key>lastKnownFileType</key>
			<string>text.xcconfig</string>
			<key>name</key>
			<string>Pods.release.xcconfig</string>
			<key>path</key>
			<string>Pods/Target Support Files/Pods/Pods.release.xcconfig</string>
			<key>sourceTree</key>
			<string>&lt;group&gt;</string>
		</dict>
		<key>0FDD8493F626493B8A53E8F0</key>
		<dict>
			<key>children</key>
			<array>
				<string>8C941D00F434F248C0E1E9AC</string>
			</array>
			<key>isa</key>
			<string>PBXGroup</string>
			<key>name</key>
			<string>Frameworks</string>
			<key>sourceTree</key>
			<string>&lt;group&gt;</string>
		</dict>
		<key>30010C559572D23A0649884A</key>
		<dict>
			<key>children</key>
			<array>
				<string>63B58B84DAED815B2096E918</string>
				<string>0482E64C4FF499DE955F3DDC</string>
			</array>
			<key>isa</key>
			<string>PBXGroup</string>
			<key>name</key>
			<string>Pods</string>
			<key>sourceTree</key>
			<string>&lt;group&gt;</string>
		</dict>
		<key>340950D641EB49AC80BF7D42</key>
		<dict>
			<key>fileRef</key>
			<string>8C941D00F434F248C0E1E9AC</string>
			<key>isa</key>
			<string>PBXBuildFile</string>
		</dict>
		<key>41375CD65F87AE7A5AD8F2E2</key>
		<dict>
			<key>buildActionMask</key>
			<string>2147483647</string>
			<key>files</key>
			<array/>
			<key>inputPaths</key>
			<array/>
			<key>isa</key>
			<string>PBXShellScriptBuildPhase</string>
			<key>name</key>
			<string>Check Pods Manifest.lock</string>
			<key>outputPaths</key>
			<array/>
			<key>runOnlyForDeploymentPostprocessing</key>
			<string>0</string>
			<key>shellPath</key>
			<string>/bin/sh</string>
			<key>shellScript</key>
			<string>diff "${PODS_ROOT}/../Podfile.lock" "${PODS_ROOT}/Manifest.lock" &gt; /dev/null
if [[ $? != 0 ]] ; then
    cat &lt;&lt; EOM
error: The sandbox is not in sync with the Podfile.lock. Run 'pod install' or update your CocoaPods installation.
EOM
    exit 1
fi
</string>
			<key>showEnvVarsInLog</key>
			<string>0</string>
		</dict>
		<key>63B58B84DAED815B2096E918</key>
		<dict>
			<key>includeInIndex</key>
			<string>1</string>
			<key>isa</key>
			<string>PBXFileReference</string>
			<key>lastKnownFileType</key>
			<string>text.xcconfig</string>
			<key>name</key>
			<string>Pods.debug.xcconfig</string>
			<key>path</key>
			<string>Pods/Target Support Files/Pods/Pods.debug.xcconfig</string>
			<key>sourceTree</key>
			<string>&lt;group&gt;</string>
		</dict>
		<key>804DEB5D3D119DE609B663C3</key>
		<dict>
			<key>buildActionMask</key>
			<string>2147483647</string>
			<key>files</key>
			<array/>
			<key>inputPaths</key>
			<array/>
			<key>isa</key>
			<string>PBXShellScriptBuildPhase</string>
			<key>name</key>
			<string>Copy Pods Resources</string>
			<key>outputPaths</key>
			<array/>
			<key>runOnlyForDeploymentPostprocessing</key>
			<string>0</string>
			<key>shellPath</key>
			<string>/bin/sh</string>
			<key>shellScript</key>
			<string>"${SRCROOT}/Pods/Target Support Files/Pods/Pods-resources.sh"
</string>
			<key>showEnvVarsInLog</key>
			<string>0</string>
		</dict>
		<key>8C941D00F434F248C0E1E9AC</key>
		<dict>
			<key>explicitFileType</key>
			<string>archive.ar</string>
			<key>includeInIndex</key>
			<string>0</string>
			<key>isa</key>
			<string>PBXFileReference</string>
			<key>path</key>
			<string>libPods.a</string>
			<key>sourceTree</key>
			<string>BUILT_PRODUCTS_DIR</string>
		</dict>
		<key>9B1EC57A19E5B6F6009F117A</key>
		<dict>
			<key>fileEncoding</key>
			<string>4</string>
			<key>isa</key>
			<string>PBXFileReference</string>
			<key>lastKnownFileType</key>
			<string>sourcecode.c.h</string>
			<key>name</key>
			<string>FITSImageView.h</string>
			<key>path</key>
			<string>Custom Views/FITSImageView.h</string>
			<key>sourceTree</key>
			<string>&lt;group&gt;</string>
		</dict>
		<key>9B1EC57B19E5B6F6009F117A</key>
		<dict>
			<key>fileEncoding</key>
			<string>4</string>
			<key>isa</key>
			<string>PBXFileReference</string>
			<key>lastKnownFileType</key>
			<string>sourcecode.c.objc</string>
			<key>name</key>
			<string>FITSImageView.m</string>
			<key>path</key>
			<string>Custom Views/FITSImageView.m</string>
			<key>sourceTree</key>
			<string>&lt;group&gt;</string>
		</dict>
		<key>9B1EC57C19E5B6F6009F117A</key>
		<dict>
			<key>fileRef</key>
			<string>9B1EC57B19E5B6F6009F117A</string>
			<key>isa</key>
			<string>PBXBuildFile</string>
		</dict>
		<key>9B1EC57D19E5B895009F117A</key>
		<dict>
			<key>fileEncoding</key>
			<string>4</string>
			<key>isa</key>
			<string>PBXFileReference</string>
			<key>lastKnownFileType</key>
			<string>sourcecode.c.h</string>
			<key>name</key>
			<string>MDSFrameView.h</string>
			<key>path</key>
			<string>Custom Views/MDSFrameView.h</string>
			<key>sourceTree</key>
			<string>&lt;group&gt;</string>
		</dict>
		<key>9B1EC57E19E5B895009F117A</key>
		<dict>
			<key>fileEncoding</key>
			<string>4</string>
			<key>isa</key>
			<string>PBXFileReference</string>
			<key>lastKnownFileType</key>
			<string>sourcecode.c.objc</string>
			<key>name</key>
			<string>MDSFrameView.m</string>
			<key>path</key>
			<string>Custom Views/MDSFrameView.m</string>
			<key>sourceTree</key>
			<string>&lt;group&gt;</string>
		</dict>
		<key>9B1EC57F19E5B895009F117A</key>
		<dict>
			<key>fileRef</key>
			<string>9B1EC57E19E5B895009F117A</string>
			<key>isa</key>
			<string>PBXBuildFile</string>
		</dict>
		<key>9B224A0619E4EA9E0064C188</key>
		<dict>
			<key>children</key>
			<array>
				<string>9B1EC57D19E5B895009F117A</string>
				<string>9B1EC57E19E5B895009F117A</string>
				<string>9B1EC57A19E5B6F6009F117A</string>
				<string>9B1EC57B19E5B6F6009F117A</string>
			</array>
			<key>isa</key>
			<string>PBXGroup</string>
			<key>name</key>
			<string>Custom Views</string>
			<key>sourceTree</key>
			<string>&lt;group&gt;</string>
		</dict>
		<key>9B24FB8919E5C52600CEDCF6</key>
		<dict>
			<key>fileEncoding</key>
			<string>4</string>
			<key>isa</key>
			<string>PBXFileReference</string>
			<key>lastKnownFileType</key>
			<string>sourcecode.c.h</string>
			<key>name</key>
			<string>MDSMainViewController.h</string>
			<key>path</key>
			<string>View Controllers/MDSMainViewController.h</string>
			<key>sourceTree</key>
			<string>&lt;group&gt;</string>
		</dict>
		<key>9B24FB8A19E5C52600CEDCF6</key>
		<dict>
			<key>fileEncoding</key>
			<string>4</string>
			<key>isa</key>
			<string>PBXFileReference</string>
			<key>lastKnownFileType</key>
			<string>sourcecode.c.objc</string>
			<key>name</key>
			<string>MDSMainViewController.m</string>
			<key>path</key>
			<string>View Controllers/MDSMainViewController.m</string>
			<key>sourceTree</key>
			<string>&lt;group&gt;</string>
		</dict>
		<key>9B24FB8B19E5C52600CEDCF6</key>
		<dict>
			<key>fileEncoding</key>
			<string>4</string>
			<key>isa</key>
			<string>PBXFileReference</string>
			<key>lastKnownFileType</key>
			<string>file.xib</string>
			<key>name</key>
			<string>MDSMainViewController.xib</string>
			<key>path</key>
			<string>View Controllers/MDSMainViewController.xib</string>
			<key>sourceTree</key>
			<string>&lt;group&gt;</string>
		</dict>
		<key>9B24FB8C19E5C52600CEDCF6</key>
		<dict>
			<key>fileRef</key>
			<string>9B24FB8A19E5C52600CEDCF6</string>
			<key>isa</key>
			<string>PBXBuildFile</string>
		</dict>
		<key>9B24FB8D19E5C52600CEDCF6</key>
		<dict>
			<key>fileRef</key>
			<string>9B24FB8B19E5C52600CEDCF6</string>
			<key>isa</key>
			<string>PBXBuildFile</string>
		</dict>
		<key>9B24FB8E19E5C52B00CEDCF6</key>
		<dict>
			<key>children</key>
			<array>
				<string>9B24FB8919E5C52600CEDCF6</string>
				<string>9B24FB8A19E5C52600CEDCF6</string>
				<string>9B24FB8B19E5C52600CEDCF6</string>
			</array>
			<key>isa</key>
			<string>PBXGroup</string>
			<key>name</key>
			<string>View Controllers</string>
			<key>sourceTree</key>
			<string>&lt;group&gt;</string>
		</dict>
		<key>9B333E9819E5D2CF0065D78A</key>
		<dict>
			<key>fileEncoding</key>
			<string>4</string>
			<key>isa</key>
			<string>PBXFileReference</string>
			<key>lastKnownFileType</key>
			<string>sourcecode.c.h</string>
			<key>name</key>
			<string>MDSMenuController.h</string>
			<key>path</key>
			<string>Menu Controllers/MDSMenuController.h</string>
			<key>sourceTree</key>
			<string>&lt;group&gt;</string>
		</dict>
		<key>9B333E9919E5D2CF0065D78A</key>
		<dict>
			<key>fileEncoding</key>
			<string>4</string>
			<key>isa</key>
			<string>PBXFileReference</string>
			<key>lastKnownFileType</key>
			<string>sourcecode.c.objc</string>
			<key>name</key>
			<string>MDSMenuController.m</string>
			<key>path</key>
			<string>Menu Controllers/MDSMenuController.m</string>
			<key>sourceTree</key>
			<string>&lt;group&gt;</string>
		</dict>
		<key>9B333E9A19E5D2CF0065D78A</key>
		<dict>
			<key>fileRef</key>
			<string>9B333E9919E5D2CF0065D78A</string>
			<key>isa</key>
			<string>PBXBuildFile</string>
		</dict>
		<key>9B333E9B19E5D2D30065D78A</key>
		<dict>
			<key>children</key>
			<array>
				<string>9B333EA019E5D3D90065D78A</string>
				<string>9B333E9819E5D2CF0065D78A</string>
				<string>9B333E9919E5D2CF0065D78A</string>
			</array>
			<key>isa</key>
			<string>PBXGroup</string>
			<key>name</key>
			<string>Menu Controllers</string>
			<key>sourceTree</key>
			<string>&lt;group&gt;</string>
		</dict>
		<key>9B333EA019E5D3D90065D78A</key>
		<dict>
			<key>fileEncoding</key>
			<string>4</string>
			<key>isa</key>
			<string>PBXFileReference</string>
			<key>lastKnownFileType</key>
			<string>file.xib</string>
			<key>name</key>
			<string>MDSMenu.xib</string>
			<key>path</key>
			<string>Menu Controllers/MDSMenu.xib</string>
			<key>sourceTree</key>
			<string>&lt;group&gt;</string>
		</dict>
		<key>9B333EA119E5D3D90065D78A</key>
		<dict>
			<key>fileRef</key>
			<string>9B333EA019E5D3D90065D78A</string>
			<key>isa</key>
			<string>PBXBuildFile</string>
		</dict>
		<key>9B82275A19E3BE3000E7C171</key>
		<dict>
			<key>children</key>
			<array>
				<string>9B82275B19E3BE3000E7C171</string>
				<string>9B82275C19E3BE3000E7C171</string>
				<string>9B82275D19E3BE3000E7C171</string>
				<string>9B82275E19E3BE3000E7C171</string>
				<string>9B82275F19E3BE3000E7C171</string>
				<string>9B82276019E3BE3000E7C171</string>
				<string>9B82276119E3BE3000E7C171</string>
				<string>9B82276219E3BE3000E7C171</string>
				<string>9B82276319E3BE3000E7C171</string>
				<string>9B82276419E3BE3000E7C171</string>
				<string>9B82276519E3BE3000E7C171</string>
				<string>9B82276619E3BE3000E7C171</string>
				<string>9B82276719E3BE3000E7C171</string>
				<string>9B82276819E3BE3000E7C171</string>
				<string>9B82276919E3BE3000E7C171</string>
				<string>9B82276A19E3BE3000E7C171</string>
				<string>9B82276B19E3BE3000E7C171</string>
				<string>9B82276C19E3BE3000E7C171</string>
				<string>9B82276D19E3BE3000E7C171</string>
				<string>9B82276E19E3BE3000E7C171</string>
				<string>9B82276F19E3BE3000E7C171</string>
				<string>9B82277019E3BE3000E7C171</string>
				<string>9B82277119E3BE3000E7C171</string>
				<string>9B82277219E3BE3000E7C171</string>
			</array>
			<key>isa</key>
			<string>PBXGroup</string>
			<key>path</key>
			<string>cfitsio</string>
			<key>sourceTree</key>
			<string>&lt;group&gt;</string>
		</dict>
		<key>9B82275B19E3BE3000E7C171</key>
		<dict>
			<key>fileEncoding</key>
			<string>4</string>
			<key>isa</key>
			<string>PBXFileReference</string>
			<key>lastKnownFileType</key>
			<string>sourcecode.c.h</string>
			<key>path</key>
			<string>cfortran.h</string>
			<key>sourceTree</key>
			<string>&lt;group&gt;</string>
		</dict>
		<key>9B82275C19E3BE3000E7C171</key>
		<dict>
			<key>fileEncoding</key>
			<string>4</string>
			<key>isa</key>
			<string>PBXFileReference</string>
			<key>lastKnownFileType</key>
			<string>sourcecode.c.h</string>
			<key>path</key>
			<string>crc32.h</string>
			<key>sourceTree</key>
			<string>&lt;group&gt;</string>
		</dict>
		<key>9B82275D19E3BE3000E7C171</key>
		<dict>
			<key>fileEncoding</key>
			<string>4</string>
			<key>isa</key>
			<string>PBXFileReference</string>
			<key>lastKnownFileType</key>
			<string>sourcecode.c.h</string>
			<key>path</key>
			<string>deflate.h</string>
			<key>sourceTree</key>
			<string>&lt;group&gt;</string>
		</dict>
		<key>9B82275E19E3BE3000E7C171</key>
		<dict>
			<key>fileEncoding</key>
			<string>4</string>
			<key>isa</key>
			<string>PBXFileReference</string>
			<key>lastKnownFileType</key>
			<string>sourcecode.c.h</string>
			<key>path</key>
			<string>drvrgsiftp.h</string>
			<key>sourceTree</key>
			<string>&lt;group&gt;</string>
		</dict>
		<key>9B82275F19E3BE3000E7C171</key>
		<dict>
			<key>fileEncoding</key>
			<string>4</string>
			<key>isa</key>
			<string>PBXFileReference</string>
			<key>lastKnownFileType</key>
			<string>sourcecode.c.h</string>
			<key>path</key>
			<string>drvrsmem.h</string>
			<key>sourceTree</key>
			<string>&lt;group&gt;</string>
		</dict>
		<key>9B82276019E3BE3000E7C171</key>
		<dict>
			<key>fileEncoding</key>
			<string>4</string>
			<key>isa</key>
			<string>PBXFileReference</string>
			<key>lastKnownFileType</key>
			<string>sourcecode.c.h</string>
			<key>path</key>
			<string>eval_defs.h</string>
			<key>sourceTree</key>
			<string>&lt;group&gt;</string>
		</dict>
		<key>9B82276119E3BE3000E7C171</key>
		<dict>
			<key>fileEncoding</key>
			<string>4</string>
			<key>isa</key>
			<string>PBXFileReference</string>
			<key>lastKnownFileType</key>
			<string>sourcecode.c.h</string>
			<key>path</key>
			<string>eval_tab.h</string>
			<key>sourceTree</key>
			<string>&lt;group&gt;</string>
		</dict>
		<key>9B82276219E3BE3000E7C171</key>
		<dict>
			<key>fileEncoding</key>
			<string>4</string>
			<key>isa</key>
			<string>PBXFileReference</string>
			<key>lastKnownFileType</key>
			<string>sourcecode.c.h</string>
			<key>path</key>
			<string>f77_wrap.h</string>
			<key>sourceTree</key>
			<string>&lt;group&gt;</string>
		</dict>
		<key>9B82276319E3BE3000E7C171</key>
		<dict>
			<key>fileEncoding</key>
			<string>4</string>
			<key>isa</key>
			<string>PBXFileReference</string>
			<key>lastKnownFileType</key>
			<string>sourcecode.c.h</string>
			<key>path</key>
			<string>fitsio.h</string>
			<key>sourceTree</key>
			<string>&lt;group&gt;</string>
		</dict>
		<key>9B82276419E3BE3000E7C171</key>
		<dict>
			<key>fileEncoding</key>
			<string>4</string>
			<key>isa</key>
			<string>PBXFileReference</string>
			<key>lastKnownFileType</key>
			<string>sourcecode.c.h</string>
			<key>path</key>
			<string>fitsio2.h</string>
			<key>sourceTree</key>
			<string>&lt;group&gt;</string>
		</dict>
		<key>9B82276519E3BE3000E7C171</key>
		<dict>
			<key>fileEncoding</key>
			<string>4</string>
			<key>isa</key>
			<string>PBXFileReference</string>
			<key>lastKnownFileType</key>
			<string>sourcecode.c.h</string>
			<key>path</key>
			<string>fpack.h</string>
			<key>sourceTree</key>
			<string>&lt;group&gt;</string>
		</dict>
		<key>9B82276619E3BE3000E7C171</key>
		<dict>
			<key>fileEncoding</key>
			<string>4</string>
			<key>isa</key>
			<string>PBXFileReference</string>
			<key>lastKnownFileType</key>
			<string>sourcecode.c.h</string>
			<key>path</key>
			<string>group.h</string>
			<key>sourceTree</key>
			<string>&lt;group&gt;</string>
		</dict>
		<key>9B82276719E3BE3000E7C171</key>
		<dict>
			<key>fileEncoding</key>
			<string>4</string>
			<key>isa</key>
			<string>PBXFileReference</string>
			<key>lastKnownFileType</key>
			<string>sourcecode.c.h</string>
			<key>path</key>
			<string>grparser.h</string>
			<key>sourceTree</key>
			<string>&lt;group&gt;</string>
		</dict>
		<key>9B82276819E3BE3000E7C171</key>
		<dict>
			<key>fileEncoding</key>
			<string>4</string>
			<key>isa</key>
			<string>PBXFileReference</string>
			<key>lastKnownFileType</key>
			<string>sourcecode.c.h</string>
			<key>path</key>
			<string>inffast.h</string>
			<key>sourceTree</key>
			<string>&lt;group&gt;</string>
		</dict>
		<key>9B82276919E3BE3000E7C171</key>
		<dict>
			<key>fileEncoding</key>
			<string>4</string>
			<key>isa</key>
			<string>PBXFileReference</string>
			<key>lastKnownFileType</key>
			<string>sourcecode.c.h</string>
			<key>path</key>
			<string>inffixed.h</string>
			<key>sourceTree</key>
			<string>&lt;group&gt;</string>
		</dict>
		<key>9B82276A19E3BE3000E7C171</key>
		<dict>
			<key>fileEncoding</key>
			<string>4</string>
			<key>isa</key>
			<string>PBXFileReference</string>
			<key>lastKnownFileType</key>
			<string>sourcecode.c.h</string>
			<key>path</key>
			<string>inflate.h</string>
			<key>sourceTree</key>
			<string>&lt;group&gt;</string>
		</dict>
		<key>9B82276B19E3BE3000E7C171</key>
		<dict>
			<key>fileEncoding</key>
			<string>4</string>
			<key>isa</key>
			<string>PBXFileReference</string>
			<key>lastKnownFileType</key>
			<string>sourcecode.c.h</string>
			<key>path</key>
			<string>inftrees.h</string>
			<key>sourceTree</key>
			<string>&lt;group&gt;</string>
		</dict>
		<key>9B82276C19E3BE3000E7C171</key>
		<dict>
			<key>isa</key>
			<string>PBXFileReference</string>
			<key>lastKnownFileType</key>
			<string>archive.ar</string>
			<key>path</key>
			<string>libcfitsio.a</string>
			<key>sourceTree</key>
			<string>&lt;group&gt;</string>
		</dict>
		<key>9B82276D19E3BE3000E7C171</key>
		<dict>
			<key>fileEncoding</key>
			<string>4</string>
			<key>isa</key>
			<string>PBXFileReference</string>
			<key>lastKnownFileType</key>
			<string>sourcecode.c.h</string>
			<key>path</key>
			<string>longnam.h</string>
			<key>sourceTree</key>
			<string>&lt;group&gt;</string>
		</dict>
		<key>9B82276E19E3BE3000E7C171</key>
		<dict>
			<key>fileEncoding</key>
			<string>4</string>
			<key>isa</key>
			<string>PBXFileReference</string>
			<key>lastKnownFileType</key>
			<string>sourcecode.c.h</string>
			<key>path</key>
			<string>region.h</string>
			<key>sourceTree</key>
			<string>&lt;group&gt;</string>
		</dict>
		<key>9B82276F19E3BE3000E7C171</key>
		<dict>
			<key>fileEncoding</key>
			<string>4</string>
			<key>isa</key>
			<string>PBXFileReference</string>
			<key>lastKnownFileType</key>
			<string>sourcecode.c.h</string>
			<key>path</key>
			<string>trees.h</string>
			<key>sourceTree</key>
			<string>&lt;group&gt;</string>
		</dict>
		<key>9B82277019E3BE3000E7C171</key>
		<dict>
			<key>fileEncoding</key>
			<string>4</string>
			<key>isa</key>
			<string>PBXFileReference</string>
			<key>lastKnownFileType</key>
			<string>sourcecode.c.h</string>
			<key>path</key>
			<string>zconf.h</string>
			<key>sourceTree</key>
			<string>&lt;group&gt;</string>
		</dict>
		<key>9B82277119E3BE3000E7C171</key>
		<dict>
			<key>fileEncoding</key>
			<string>4</string>
			<key>isa</key>
			<string>PBXFileReference</string>
			<key>lastKnownFileType</key>
			<string>sourcecode.c.h</string>
			<key>path</key>
			<string>zlib.h</string>
			<key>sourceTree</key>
			<string>&lt;group&gt;</string>
		</dict>
		<key>9B82277219E3BE3000E7C171</key>
		<dict>
			<key>fileEncoding</key>
			<string>4</string>
			<key>isa</key>
			<string>PBXFileReference</string>
			<key>lastKnownFileType</key>
			<string>sourcecode.c.h</string>
			<key>path</key>
			<string>zutil.h</string>
			<key>sourceTree</key>
			<string>&lt;group&gt;</string>
		</dict>
		<key>9B82277319E3BE3000E7C171</key>
		<dict>
			<key>children</key>
			<array>
				<string>9B82277419E3BE3000E7C171</string>
				<string>9B82277619E3BE3000E7C171</string>
				<string>9B82277719E3BE3000E7C171</string>
				<string>9B82277819E3BE3000E7C171</string>
				<string>9B82277919E3BE3000E7C171</string>
				<string>9B82277A19E3BE3000E7C171</string>
				<string>9B82277B19E3BE3000E7C171</string>
				<string>9B82277C19E3BE3000E7C171</string>
				<string>9B82277D19E3BE3000E7C171</string>
				<string>9B82277E19E3BE3000E7C171</string>
				<string>9B82277F19E3BE3000E7C171</string>
				<string>9B82278019E3BE3000E7C171</string>
				<string>9B82278119E3BE3000E7C171</string>
				<string>9B82278219E3BE3000E7C171</string>
				<string>9B82278319E3BE3000E7C171</string>
				<string>9B82278419E3BE3000E7C171</string>
				<string>9B82278519E3BE3000E7C171</string>
				<string>9B82278619E3BE3000E7C171</string>
				<string>9B82278719E3BE3000E7C171</string>
				<string>9B82278819E3BE3000E7C171</string>
				<string>9B82278919E3BE3000E7C171</string>
				<string>9B82278A19E3BE3000E7C171</string>
				<string>9B82278B19E3BE3000E7C171</string>
				<string>9B82278C19E3BE3000E7C171</string>
				<string>9B82278D19E3BE3000E7C171</string>
				<string>9B82278E19E3BE3000E7C171</string>
			</array>
			<key>isa</key>
			<string>PBXGroup</string>
			<key>path</key>
			<string>ObjCFITSIO</string>
			<key>sourceTree</key>
			<string>&lt;group&gt;</string>
		</dict>
		<key>9B82277419E3BE3000E7C171</key>
		<dict>
			<key>children</key>
			<array>
				<string>9B82277519E3BE3000E7C171</string>
			</array>
			<key>isa</key>
			<string>PBXVariantGroup</string>
			<key>name</key>
			<string>InfoPlist.strings</string>
			<key>sourceTree</key>
			<string>&lt;group&gt;</string>
		</dict>
		<key>9B82277519E3BE3000E7C171</key>
		<dict>
			<key>isa</key>
			<string>PBXFileReference</string>
			<key>lastKnownFileType</key>
			<string>text.plist.strings</string>
			<key>name</key>
			<string>en</string>
			<key>path</key>
			<string>en.lproj/InfoPlist.strings</string>
			<key>sourceTree</key>
			<string>&lt;group&gt;</string>
		</dict>
		<key>9B82277619E3BE3000E7C171</key>
		<dict>
			<key>fileEncoding</key>
			<string>4</string>
			<key>isa</key>
			<string>PBXFileReference</string>
			<key>lastKnownFileType</key>
			<string>sourcecode.c.h</string>
			<key>path</key>
			<string>FITSConstants.h</string>
			<key>sourceTree</key>
			<string>&lt;group&gt;</string>
		</dict>
		<key>9B82277719E3BE3000E7C171</key>
		<dict>
			<key>fileEncoding</key>
			<string>4</string>
			<key>isa</key>
			<string>PBXFileReference</string>
			<key>lastKnownFileType</key>
			<string>sourcecode.c.objc</string>
			<key>path</key>
			<string>FITSConstants.m</string>
			<key>sourceTree</key>
			<string>&lt;group&gt;</string>
		</dict>
		<key>9B82277819E3BE3000E7C171</key>
		<dict>
			<key>fileEncoding</key>
			<string>4</string>
			<key>isa</key>
			<string>PBXFileReference</string>
			<key>lastKnownFileType</key>
			<string>sourcecode.c.h</string>
			<key>path</key>
			<string>FITSFile.h</string>
			<key>sourceTree</key>
			<string>&lt;group&gt;</string>
		</dict>
		<key>9B82277919E3BE3000E7C171</key>
		<dict>
			<key>fileEncoding</key>
			<string>4</string>
			<key>isa</key>
			<string>PBXFileReference</string>
			<key>lastKnownFileType</key>
			<string>sourcecode.c.objc</string>
			<key>path</key>
			<string>FITSFile.m</string>
			<key>sourceTree</key>
			<string>&lt;group&gt;</string>
		</dict>
		<key>9B82277A19E3BE3000E7C171</key>
		<dict>
			<key>fileEncoding</key>
			<string>4</string>
			<key>isa</key>
			<string>PBXFileReference</string>
			<key>lastKnownFileType</key>
			<string>sourcecode.c.h</string>
			<key>path</key>
			<string>FITSHDU+Private.h</string>
			<key>sourceTree</key>
			<string>&lt;group&gt;</string>
		</dict>
		<key>9B82277B19E3BE3000E7C171</key>
		<dict>
			<key>fileEncoding</key>
			<string>4</string>
			<key>isa</key>
			<string>PBXFileReference</string>
			<key>lastKnownFileType</key>
			<string>sourcecode.c.h</string>
			<key>path</key>
			<string>FITSHDU.h</string>
			<key>sourceTree</key>
			<string>&lt;group&gt;</string>
		</dict>
		<key>9B82277C19E3BE3000E7C171</key>
		<dict>
			<key>fileEncoding</key>
			<string>4</string>
			<key>isa</key>
			<string>PBXFileReference</string>
			<key>lastKnownFileType</key>
			<string>sourcecode.c.objc</string>
			<key>path</key>
			<string>FITSHDU.m</string>
			<key>sourceTree</key>
			<string>&lt;group&gt;</string>
		</dict>
		<key>9B82277D19E3BE3000E7C171</key>
		<dict>
			<key>fileEncoding</key>
			<string>4</string>
			<key>isa</key>
			<string>PBXFileReference</string>
			<key>lastKnownFileType</key>
			<string>sourcecode.c.h</string>
			<key>path</key>
			<string>FITSHeader+Private.h</string>
			<key>sourceTree</key>
			<string>&lt;group&gt;</string>
		</dict>
		<key>9B82277E19E3BE3000E7C171</key>
		<dict>
			<key>fileEncoding</key>
			<string>4</string>
			<key>isa</key>
			<string>PBXFileReference</string>
			<key>lastKnownFileType</key>
			<string>sourcecode.c.h</string>
			<key>path</key>
			<string>FITSHeader.h</string>
			<key>sourceTree</key>
			<string>&lt;group&gt;</string>
		</dict>
		<key>9B82277F19E3BE3000E7C171</key>
		<dict>
			<key>fileEncoding</key>
			<string>4</string>
			<key>isa</key>
			<string>PBXFileReference</string>
			<key>lastKnownFileType</key>
			<string>sourcecode.c.objc</string>
			<key>path</key>
			<string>FITSHeader.m</string>
			<key>sourceTree</key>
			<string>&lt;group&gt;</string>
		</dict>
		<key>9B82278019E3BE3000E7C171</key>
		<dict>
			<key>fileEncoding</key>
			<string>4</string>
			<key>isa</key>
			<string>PBXFileReference</string>
			<key>lastKnownFileType</key>
			<string>sourcecode.c.h</string>
			<key>path</key>
			<string>FITSHeaderLine.h</string>
			<key>sourceTree</key>
			<string>&lt;group&gt;</string>
		</dict>
		<key>9B82278119E3BE3000E7C171</key>
		<dict>
			<key>fileEncoding</key>
			<string>4</string>
			<key>isa</key>
			<string>PBXFileReference</string>
			<key>lastKnownFileType</key>
			<string>sourcecode.c.objc</string>
			<key>path</key>
			<string>FITSHeaderLine.m</string>
			<key>sourceTree</key>
			<string>&lt;group&gt;</string>
		</dict>
		<key>9B82278219E3BE3000E7C171</key>
		<dict>
			<key>fileEncoding</key>
			<string>4</string>
			<key>isa</key>
			<string>PBXFileReference</string>
			<key>lastKnownFileType</key>
			<string>sourcecode.c.h</string>
			<key>path</key>
			<string>FITSImage+Private.h</string>
			<key>sourceTree</key>
			<string>&lt;group&gt;</string>
		</dict>
		<key>9B82278319E3BE3000E7C171</key>
		<dict>
			<key>fileEncoding</key>
			<string>4</string>
			<key>isa</key>
			<string>PBXFileReference</string>
			<key>lastKnownFileType</key>
			<string>sourcecode.c.h</string>
			<key>path</key>
			<string>FITSImage+Scaling.h</string>
			<key>sourceTree</key>
			<string>&lt;group&gt;</string>
		</dict>
		<key>9B82278419E3BE3000E7C171</key>
		<dict>
			<key>fileEncoding</key>
			<string>4</string>
			<key>isa</key>
			<string>PBXFileReference</string>
			<key>lastKnownFileType</key>
			<string>sourcecode.c.objc</string>
			<key>path</key>
			<string>FITSImage+Scaling.m</string>
			<key>sourceTree</key>
			<string>&lt;group&gt;</string>
		</dict>
		<key>9B82278519E3BE3000E7C171</key>
		<dict>
			<key>fileEncoding</key>
			<string>4</string>
			<key>isa</key>
			<string>PBXFileReference</string>
			<key>lastKnownFileType</key>
			<string>sourcecode.c.h</string>
			<key>path</key>
			<string>FITSImage.h</string>
			<key>sourceTree</key>
			<string>&lt;group&gt;</string>
		</dict>
		<key>9B82278619E3BE3000E7C171</key>
		<dict>
			<key>fileEncoding</key>
			<string>4</string>
			<key>isa</key>
			<string>PBXFileReference</string>
			<key>lastKnownFileType</key>
			<string>sourcecode.c.objc</string>
			<key>path</key>
			<string>FITSImage.m</string>
			<key>sourceTree</key>
			<string>&lt;group&gt;</string>
		</dict>
		<key>9B82278719E3BE3000E7C171</key>
		<dict>
			<key>fileEncoding</key>
			<string>4</string>
			<key>isa</key>
			<string>PBXFileReference</string>
			<key>lastKnownFileType</key>
			<string>sourcecode.c.h</string>
			<key>path</key>
			<string>FITSSpectrum+Private.h</string>
			<key>sourceTree</key>
			<string>&lt;group&gt;</string>
		</dict>
		<key>9B82278819E3BE3000E7C171</key>
		<dict>
			<key>fileEncoding</key>
			<string>4</string>
			<key>isa</key>
			<string>PBXFileReference</string>
			<key>lastKnownFileType</key>
			<string>sourcecode.c.h</string>
			<key>path</key>
			<string>FITSSpectrum.h</string>
			<key>sourceTree</key>
			<string>&lt;group&gt;</string>
		</dict>
		<key>9B82278919E3BE3000E7C171</key>
		<dict>
			<key>fileEncoding</key>
			<string>4</string>
			<key>isa</key>
			<string>PBXFileReference</string>
			<key>lastKnownFileType</key>
			<string>sourcecode.c.objc</string>
			<key>path</key>
			<string>FITSSpectrum.m</string>
			<key>sourceTree</key>
			<string>&lt;group&gt;</string>
		</dict>
		<key>9B82278A19E3BE3000E7C171</key>
		<dict>
			<key>fileEncoding</key>
			<string>4</string>
			<key>isa</key>
			<string>PBXFileReference</string>
			<key>lastKnownFileType</key>
			<string>sourcecode.c.h</string>
			<key>path</key>
			<string>NSArray+NumericalOperations.h</string>
			<key>sourceTree</key>
			<string>&lt;group&gt;</string>
		</dict>
		<key>9B82278B19E3BE3000E7C171</key>
		<dict>
			<key>fileEncoding</key>
			<string>4</string>
			<key>isa</key>
			<string>PBXFileReference</string>
			<key>lastKnownFileType</key>
			<string>sourcecode.c.objc</string>
			<key>path</key>
			<string>NSArray+NumericalOperations.m</string>
			<key>sourceTree</key>
			<string>&lt;group&gt;</string>
		</dict>
		<key>9B82278C19E3BE3000E7C171</key>
		<dict>
			<key>fileEncoding</key>
			<string>4</string>
			<key>isa</key>
			<string>PBXFileReference</string>
			<key>lastKnownFileType</key>
			<string>text.plist.xml</string>
			<key>path</key>
			<string>ObjCFITSIO-Info.plist</string>
			<key>sourceTree</key>
			<string>&lt;group&gt;</string>
		</dict>
		<key>9B82278D19E3BE3000E7C171</key>
		<dict>
			<key>fileEncoding</key>
			<string>4</string>
			<key>isa</key>
			<string>PBXFileReference</string>
			<key>lastKnownFileType</key>
			<string>sourcecode.c.h</string>
			<key>path</key>
			<string>ObjCFITSIO-Prefix.pch</string>
			<key>sourceTree</key>
			<string>&lt;group&gt;</string>
		</dict>
		<key>9B82278E19E3BE3000E7C171</key>
		<dict>
			<key>fileEncoding</key>
			<string>4</string>
			<key>isa</key>
			<string>PBXFileReference</string>
			<key>lastKnownFileType</key>
			<string>sourcecode.c.h</string>
			<key>path</key>
			<string>ObjCFITSIO.h</string>
			<key>sourceTree</key>
			<string>&lt;group&gt;</string>
		</dict>
		<key>9B82278F19E3BE3000E7C171</key>
		<dict>
			<key>children</key>
			<array>
				<string>9B82279019E3BE3000E7C171</string>
				<string>9B82279119E3BE3000E7C171</string>
			</array>
			<key>isa</key>
			<string>PBXGroup</string>
			<key>path</key>
			<string>Utilities</string>
			<key>sourceTree</key>
			<string>&lt;group&gt;</string>
		</dict>
		<key>9B82279019E3BE3000E7C171</key>
		<dict>
			<key>fileEncoding</key>
			<string>4</string>
			<key>isa</key>
			<string>PBXFileReference</string>
			<key>lastKnownFileType</key>
			<string>sourcecode.c.h</string>
			<key>path</key>
			<string>DebugLog.h</string>
			<key>sourceTree</key>
			<string>&lt;group&gt;</string>
		</dict>
		<key>9B82279119E3BE3000E7C171</key>
		<dict>
			<key>fileEncoding</key>
			<string>4</string>
			<key>isa</key>
			<string>PBXFileReference</string>
			<key>lastKnownFileType</key>
			<string>sourcecode.c.objc</string>
			<key>path</key>
			<string>DebugLog.m</string>
			<key>sourceTree</key>
			<string>&lt;group&gt;</string>
		</dict>
		<key>9B82279219E3BE3000E7C171</key>
		<dict>
			<key>fileRef</key>
			<string>9B82276C19E3BE3000E7C171</string>
			<key>isa</key>
			<string>PBXBuildFile</string>
		</dict>
		<key>9B82279319E3BE3000E7C171</key>
		<dict>
			<key>fileRef</key>
			<string>9B82277419E3BE3000E7C171</string>
			<key>isa</key>
			<string>PBXBuildFile</string>
		</dict>
		<key>9B82279419E3BE3000E7C171</key>
		<dict>
			<key>fileRef</key>
			<string>9B82277719E3BE3000E7C171</string>
			<key>isa</key>
			<string>PBXBuildFile</string>
		</dict>
		<key>9B82279519E3BE3000E7C171</key>
		<dict>
			<key>fileRef</key>
			<string>9B82277919E3BE3000E7C171</string>
			<key>isa</key>
			<string>PBXBuildFile</string>
		</dict>
		<key>9B82279619E3BE3000E7C171</key>
		<dict>
			<key>fileRef</key>
			<string>9B82277C19E3BE3000E7C171</string>
			<key>isa</key>
			<string>PBXBuildFile</string>
		</dict>
		<key>9B82279719E3BE3000E7C171</key>
		<dict>
			<key>fileRef</key>
			<string>9B82277F19E3BE3000E7C171</string>
			<key>isa</key>
			<string>PBXBuildFile</string>
		</dict>
		<key>9B82279819E3BE3000E7C171</key>
		<dict>
			<key>fileRef</key>
			<string>9B82278119E3BE3000E7C171</string>
			<key>isa</key>
			<string>PBXBuildFile</string>
		</dict>
		<key>9B82279919E3BE3000E7C171</key>
		<dict>
			<key>fileRef</key>
			<string>9B82278419E3BE3000E7C171</string>
			<key>isa</key>
			<string>PBXBuildFile</string>
		</dict>
		<key>9B82279A19E3BE3000E7C171</key>
		<dict>
			<key>fileRef</key>
			<string>9B82278619E3BE3000E7C171</string>
			<key>isa</key>
			<string>PBXBuildFile</string>
		</dict>
		<key>9B82279B19E3BE3000E7C171</key>
		<dict>
			<key>fileRef</key>
			<string>9B82278919E3BE3000E7C171</string>
			<key>isa</key>
			<string>PBXBuildFile</string>
		</dict>
		<key>9B82279C19E3BE3000E7C171</key>
		<dict>
			<key>fileRef</key>
			<string>9B82278B19E3BE3000E7C171</string>
			<key>isa</key>
			<string>PBXBuildFile</string>
		</dict>
		<key>9B82279D19E3BE3000E7C171</key>
		<dict>
			<key>fileRef</key>
			<string>9B82278C19E3BE3000E7C171</string>
			<key>isa</key>
			<string>PBXBuildFile</string>
		</dict>
		<key>9B82279E19E3BE3000E7C171</key>
		<dict>
			<key>fileRef</key>
			<string>9B82279119E3BE3000E7C171</string>
			<key>isa</key>
			<string>PBXBuildFile</string>
		</dict>
		<key>9BE1443B19E3B4FA00FB2294</key>
		<dict>
			<key>children</key>
			<array>
				<string>9B82275A19E3BE3000E7C171</string>
				<string>9B82277319E3BE3000E7C171</string>
				<string>9B82278F19E3BE3000E7C171</string>
				<string>9BE1444619E3B4FA00FB2294</string>
				<string>9BE1445A19E3B4FA00FB2294</string>
				<string>9BE1444519E3B4FA00FB2294</string>
				<string>30010C559572D23A0649884A</string>
				<string>0FDD8493F626493B8A53E8F0</string>
			</array>
			<key>isa</key>
			<string>PBXGroup</string>
			<key>sourceTree</key>
			<string>&lt;group&gt;</string>
		</dict>
		<key>9BE1443C19E3B4FA00FB2294</key>
		<dict>
			<key>attributes</key>
			<dict>
				<key>LastUpgradeCheck</key>
				<string>0600</string>
				<key>ORGANIZATIONNAME</key>
				<string>Hengchu Zhang</string>
				<key>TargetAttributes</key>
				<dict>
					<key>9BE1444319E3B4FA00FB2294</key>
					<dict>
						<key>CreatedOnToolsVersion</key>
						<string>6.0.1</string>
					</dict>
					<key>9BE1445619E3B4FA00FB2294</key>
					<dict>
						<key>CreatedOnToolsVersion</key>
						<string>6.0.1</string>
						<key>TestTargetID</key>
						<string>9BE1444319E3B4FA00FB2294</string>
					</dict>
				</dict>
			</dict>
			<key>buildConfigurationList</key>
			<string>9BE1443F19E3B4FA00FB2294</string>
			<key>compatibilityVersion</key>
			<string>Xcode 3.2</string>
			<key>developmentRegion</key>
			<string>English</string>
			<key>hasScannedForEncodings</key>
			<string>0</string>
			<key>isa</key>
			<string>PBXProject</string>
			<key>knownRegions</key>
			<array>
				<string>en</string>
				<string>Base</string>
			</array>
			<key>mainGroup</key>
			<string>9BE1443B19E3B4FA00FB2294</string>
			<key>productRefGroup</key>
			<string>9BE1444519E3B4FA00FB2294</string>
			<key>projectDirPath</key>
			<string></string>
			<key>projectReferences</key>
			<array/>
			<key>projectRoot</key>
			<string></string>
			<key>targets</key>
			<array>
				<string>9BE1444319E3B4FA00FB2294</string>
				<string>9BE1445619E3B4FA00FB2294</string>
			</array>
		</dict>
		<key>9BE1443F19E3B4FA00FB2294</key>
		<dict>
			<key>buildConfigurations</key>
			<array>
				<string>9BE1445F19E3B4FA00FB2294</string>
				<string>9BE1446019E3B4FA00FB2294</string>
			</array>
			<key>defaultConfigurationIsVisible</key>
			<string>0</string>
			<key>defaultConfigurationName</key>
			<string>Release</string>
			<key>isa</key>
			<string>XCConfigurationList</string>
		</dict>
		<key>9BE1444019E3B4FA00FB2294</key>
		<dict>
			<key>buildActionMask</key>
			<string>2147483647</string>
			<key>files</key>
			<array>
				<string>9B1EC57C19E5B6F6009F117A</string>
				<string>9B24FB8C19E5C52600CEDCF6</string>
				<string>9B82279719E3BE3000E7C171</string>
				<string>9B82279C19E3BE3000E7C171</string>
				<string>9B82279E19E3BE3000E7C171</string>
				<string>9BE1444D19E3B4FA00FB2294</string>
				<string>9B82279419E3BE3000E7C171</string>
				<string>9B82279919E3BE3000E7C171</string>
				<string>9BE1444A19E3B4FA00FB2294</string>
				<string>9B82279619E3BE3000E7C171</string>
				<string>9B82279A19E3BE3000E7C171</string>
				<string>9B333E9A19E5D2CF0065D78A</string>
				<string>9B82279519E3BE3000E7C171</string>
				<string>9B1EC57F19E5B895009F117A</string>
				<string>9B82279B19E3BE3000E7C171</string>
				<string>9B82279819E3BE3000E7C171</string>
			</array>
			<key>isa</key>
			<string>PBXSourcesBuildPhase</string>
			<key>runOnlyForDeploymentPostprocessing</key>
			<string>0</string>
		</dict>
		<key>9BE1444119E3B4FA00FB2294</key>
		<dict>
			<key>buildActionMask</key>
			<string>2147483647</string>
			<key>files</key>
			<array>
				<string>9B82279219E3BE3000E7C171</string>
				<string>340950D641EB49AC80BF7D42</string>
			</array>
			<key>isa</key>
			<string>PBXFrameworksBuildPhase</string>
			<key>runOnlyForDeploymentPostprocessing</key>
			<string>0</string>
		</dict>
		<key>9BE1444219E3B4FA00FB2294</key>
		<dict>
			<key>buildActionMask</key>
			<string>2147483647</string>
			<key>files</key>
			<array>
				<string>9B333EA119E5D3D90065D78A</string>
				<string>9B82279D19E3BE3000E7C171</string>
				<string>9BE1444F19E3B4FA00FB2294</string>
				<string>9B24FB8D19E5C52600CEDCF6</string>
				<string>9B82279319E3BE3000E7C171</string>
			</array>
			<key>isa</key>
			<string>PBXResourcesBuildPhase</string>
			<key>runOnlyForDeploymentPostprocessing</key>
			<string>0</string>
		</dict>
		<key>9BE1444319E3B4FA00FB2294</key>
		<dict>
			<key>buildConfigurationList</key>
			<string>9BE1446119E3B4FA00FB2294</string>
			<key>buildPhases</key>
			<array>
				<string>41375CD65F87AE7A5AD8F2E2</string>
				<string>9BE1444019E3B4FA00FB2294</string>
				<string>9BE1444119E3B4FA00FB2294</string>
				<string>9BE1444219E3B4FA00FB2294</string>
				<string>804DEB5D3D119DE609B663C3</string>
			</array>
			<key>buildRules</key>
			<array/>
			<key>dependencies</key>
			<array/>
			<key>isa</key>
			<string>PBXNativeTarget</string>
			<key>name</key>
			<string>MDS9</string>
			<key>productName</key>
			<string>MDS9</string>
			<key>productReference</key>
			<string>9BE1444419E3B4FA00FB2294</string>
			<key>productType</key>
			<string>com.apple.product-type.application</string>
		</dict>
		<key>9BE1444419E3B4FA00FB2294</key>
		<dict>
			<key>explicitFileType</key>
			<string>wrapper.application</string>
			<key>includeInIndex</key>
			<string>0</string>
			<key>isa</key>
			<string>PBXFileReference</string>
			<key>path</key>
			<string>MDS9.app</string>
			<key>sourceTree</key>
			<string>BUILT_PRODUCTS_DIR</string>
		</dict>
		<key>9BE1444519E3B4FA00FB2294</key>
		<dict>
			<key>children</key>
			<array>
				<string>9BE1444419E3B4FA00FB2294</string>
				<string>9BE1445719E3B4FA00FB2294</string>
			</array>
			<key>isa</key>
			<string>PBXGroup</string>
			<key>name</key>
			<string>Products</string>
			<key>sourceTree</key>
			<string>&lt;group&gt;</string>
		</dict>
		<key>9BE1444619E3B4FA00FB2294</key>
		<dict>
			<key>children</key>
			<array>
				<string>9BE1444B19E3B4FA00FB2294</string>
				<string>9BE1444C19E3B4FA00FB2294</string>
				<string>9B333E9B19E5D2D30065D78A</string>
				<string>9B24FB8E19E5C52B00CEDCF6</string>
				<string>9B224A0619E4EA9E0064C188</string>
				<string>9BE1444E19E3B4FA00FB2294</string>
				<string>9BE1444719E3B4FA00FB2294</string>
			</array>
			<key>isa</key>
			<string>PBXGroup</string>
			<key>path</key>
			<string>MDS9</string>
			<key>sourceTree</key>
			<string>&lt;group&gt;</string>
		</dict>
		<key>9BE1444719E3B4FA00FB2294</key>
		<dict>
			<key>children</key>
			<array>
				<string>9BE1444819E3B4FA00FB2294</string>
				<string>9BE1444919E3B4FA00FB2294</string>
			</array>
			<key>isa</key>
			<string>PBXGroup</string>
			<key>name</key>
			<string>Supporting Files</string>
			<key>sourceTree</key>
			<string>&lt;group&gt;</string>
		</dict>
		<key>9BE1444819E3B4FA00FB2294</key>
		<dict>
			<key>isa</key>
			<string>PBXFileReference</string>
			<key>lastKnownFileType</key>
			<string>text.plist.xml</string>
			<key>path</key>
			<string>Info.plist</string>
			<key>sourceTree</key>
			<string>&lt;group&gt;</string>
		</dict>
		<key>9BE1444919E3B4FA00FB2294</key>
		<dict>
			<key>isa</key>
			<string>PBXFileReference</string>
			<key>lastKnownFileType</key>
			<string>sourcecode.c.objc</string>
			<key>path</key>
			<string>main.m</string>
			<key>sourceTree</key>
			<string>&lt;group&gt;</string>
		</dict>
		<key>9BE1444A19E3B4FA00FB2294</key>
		<dict>
			<key>fileRef</key>
			<string>9BE1444919E3B4FA00FB2294</string>
			<key>isa</key>
			<string>PBXBuildFile</string>
		</dict>
		<key>9BE1444B19E3B4FA00FB2294</key>
		<dict>
			<key>isa</key>
			<string>PBXFileReference</string>
			<key>lastKnownFileType</key>
			<string>sourcecode.c.h</string>
			<key>path</key>
			<string>AppDelegate.h</string>
			<key>sourceTree</key>
			<string>&lt;group&gt;</string>
		</dict>
		<key>9BE1444C19E3B4FA00FB2294</key>
		<dict>
			<key>isa</key>
			<string>PBXFileReference</string>
			<key>lastKnownFileType</key>
			<string>sourcecode.c.objc</string>
			<key>path</key>
			<string>AppDelegate.m</string>
			<key>sourceTree</key>
			<string>&lt;group&gt;</string>
		</dict>
		<key>9BE1444D19E3B4FA00FB2294</key>
		<dict>
			<key>fileRef</key>
			<string>9BE1444C19E3B4FA00FB2294</string>
			<key>isa</key>
			<string>PBXBuildFile</string>
		</dict>
		<key>9BE1444E19E3B4FA00FB2294</key>
		<dict>
			<key>isa</key>
			<string>PBXFileReference</string>
			<key>lastKnownFileType</key>
			<string>folder.assetcatalog</string>
			<key>path</key>
			<string>Images.xcassets</string>
			<key>sourceTree</key>
			<string>&lt;group&gt;</string>
		</dict>
		<key>9BE1444F19E3B4FA00FB2294</key>
		<dict>
			<key>fileRef</key>
			<string>9BE1444E19E3B4FA00FB2294</string>
			<key>isa</key>
			<string>PBXBuildFile</string>
		</dict>
		<key>9BE1445319E3B4FA00FB2294</key>
		<dict>
			<key>buildActionMask</key>
			<string>2147483647</string>
			<key>files</key>
			<array>
				<string>9BE1445E19E3B4FA00FB2294</string>
			</array>
			<key>isa</key>
			<string>PBXSourcesBuildPhase</string>
			<key>runOnlyForDeploymentPostprocessing</key>
			<string>0</string>
		</dict>
		<key>9BE1445419E3B4FA00FB2294</key>
		<dict>
			<key>buildActionMask</key>
			<string>2147483647</string>
			<key>files</key>
			<array/>
			<key>isa</key>
			<string>PBXFrameworksBuildPhase</string>
			<key>runOnlyForDeploymentPostprocessing</key>
			<string>0</string>
		</dict>
		<key>9BE1445519E3B4FA00FB2294</key>
		<dict>
			<key>buildActionMask</key>
			<string>2147483647</string>
			<key>files</key>
			<array/>
			<key>isa</key>
			<string>PBXResourcesBuildPhase</string>
			<key>runOnlyForDeploymentPostprocessing</key>
			<string>0</string>
		</dict>
		<key>9BE1445619E3B4FA00FB2294</key>
		<dict>
			<key>buildConfigurationList</key>
			<string>9BE1446419E3B4FA00FB2294</string>
			<key>buildPhases</key>
			<array>
				<string>9BE1445319E3B4FA00FB2294</string>
				<string>9BE1445419E3B4FA00FB2294</string>
				<string>9BE1445519E3B4FA00FB2294</string>
			</array>
			<key>buildRules</key>
			<array/>
			<key>dependencies</key>
			<array>
				<string>9BE1445919E3B4FA00FB2294</string>
			</array>
			<key>isa</key>
			<string>PBXNativeTarget</string>
			<key>name</key>
			<string>MDS9Tests</string>
			<key>productName</key>
			<string>MDS9Tests</string>
			<key>productReference</key>
			<string>9BE1445719E3B4FA00FB2294</string>
			<key>productType</key>
			<string>com.apple.product-type.bundle.unit-test</string>
		</dict>
		<key>9BE1445719E3B4FA00FB2294</key>
		<dict>
			<key>explicitFileType</key>
			<string>wrapper.cfbundle</string>
			<key>includeInIndex</key>
			<string>0</string>
			<key>isa</key>
			<string>PBXFileReference</string>
			<key>path</key>
			<string>MDS9Tests.xctest</string>
			<key>sourceTree</key>
			<string>BUILT_PRODUCTS_DIR</string>
		</dict>
		<key>9BE1445819E3B4FA00FB2294</key>
		<dict>
			<key>containerPortal</key>
			<string>9BE1443C19E3B4FA00FB2294</string>
			<key>isa</key>
			<string>PBXContainerItemProxy</string>
			<key>proxyType</key>
			<string>1</string>
			<key>remoteGlobalIDString</key>
			<string>9BE1444319E3B4FA00FB2294</string>
			<key>remoteInfo</key>
			<string>MDS9</string>
		</dict>
		<key>9BE1445919E3B4FA00FB2294</key>
		<dict>
			<key>isa</key>
			<string>PBXTargetDependency</string>
			<key>target</key>
			<string>9BE1444319E3B4FA00FB2294</string>
			<key>targetProxy</key>
			<string>9BE1445819E3B4FA00FB2294</string>
		</dict>
		<key>9BE1445A19E3B4FA00FB2294</key>
		<dict>
			<key>children</key>
			<array>
				<string>9BE1445D19E3B4FA00FB2294</string>
				<string>9BE1445B19E3B4FA00FB2294</string>
			</array>
			<key>isa</key>
			<string>PBXGroup</string>
			<key>path</key>
			<string>MDS9Tests</string>
			<key>sourceTree</key>
			<string>&lt;group&gt;</string>
		</dict>
		<key>9BE1445B19E3B4FA00FB2294</key>
		<dict>
			<key>children</key>
			<array>
				<string>9BE1445C19E3B4FA00FB2294</string>
			</array>
			<key>isa</key>
			<string>PBXGroup</string>
			<key>name</key>
			<string>Supporting Files</string>
			<key>sourceTree</key>
			<string>&lt;group&gt;</string>
		</dict>
		<key>9BE1445C19E3B4FA00FB2294</key>
		<dict>
			<key>isa</key>
			<string>PBXFileReference</string>
			<key>lastKnownFileType</key>
			<string>text.plist.xml</string>
			<key>path</key>
			<string>Info.plist</string>
			<key>sourceTree</key>
			<string>&lt;group&gt;</string>
		</dict>
		<key>9BE1445D19E3B4FA00FB2294</key>
		<dict>
			<key>isa</key>
			<string>PBXFileReference</string>
			<key>lastKnownFileType</key>
			<string>sourcecode.c.objc</string>
			<key>path</key>
			<string>MDS9Tests.m</string>
			<key>sourceTree</key>
			<string>&lt;group&gt;</string>
		</dict>
		<key>9BE1445E19E3B4FA00FB2294</key>
		<dict>
			<key>fileRef</key>
			<string>9BE1445D19E3B4FA00FB2294</string>
			<key>isa</key>
			<string>PBXBuildFile</string>
		</dict>
		<key>9BE1445F19E3B4FA00FB2294</key>
		<dict>
			<key>buildSettings</key>
			<dict>
				<key>ALWAYS_SEARCH_USER_PATHS</key>
				<string>NO</string>
				<key>CLANG_CXX_LANGUAGE_STANDARD</key>
				<string>gnu++0x</string>
				<key>CLANG_CXX_LIBRARY</key>
				<string>libc++</string>
				<key>CLANG_ENABLE_MODULES</key>
				<string>YES</string>
				<key>CLANG_ENABLE_OBJC_ARC</key>
				<string>YES</string>
				<key>CLANG_WARN_BOOL_CONVERSION</key>
				<string>YES</string>
				<key>CLANG_WARN_CONSTANT_CONVERSION</key>
				<string>YES</string>
				<key>CLANG_WARN_DIRECT_OBJC_ISA_USAGE</key>
				<string>YES_ERROR</string>
				<key>CLANG_WARN_EMPTY_BODY</key>
				<string>YES</string>
				<key>CLANG_WARN_ENUM_CONVERSION</key>
				<string>YES</string>
				<key>CLANG_WARN_INT_CONVERSION</key>
				<string>YES</string>
				<key>CLANG_WARN_OBJC_ROOT_CLASS</key>
				<string>YES_ERROR</string>
				<key>CLANG_WARN_UNREACHABLE_CODE</key>
				<string>YES</string>
				<key>CLANG_WARN__DUPLICATE_METHOD_MATCH</key>
				<string>YES</string>
				<key>CODE_SIGN_IDENTITY</key>
				<string>-</string>
				<key>COPY_PHASE_STRIP</key>
				<string>NO</string>
				<key>ENABLE_STRICT_OBJC_MSGSEND</key>
				<string>YES</string>
				<key>GCC_C_LANGUAGE_STANDARD</key>
				<string>gnu99</string>
				<key>GCC_DYNAMIC_NO_PIC</key>
				<string>NO</string>
				<key>GCC_OPTIMIZATION_LEVEL</key>
				<string>0</string>
				<key>GCC_PREPROCESSOR_DEFINITIONS</key>
				<array>
					<string>DEBUG=1</string>
					<string>$(inherited)</string>
				</array>
				<key>GCC_SYMBOLS_PRIVATE_EXTERN</key>
				<string>NO</string>
				<key>GCC_WARN_64_TO_32_BIT_CONVERSION</key>
				<string>YES</string>
				<key>GCC_WARN_ABOUT_RETURN_TYPE</key>
				<string>YES_ERROR</string>
				<key>GCC_WARN_UNDECLARED_SELECTOR</key>
				<string>YES</string>
				<key>GCC_WARN_UNINITIALIZED_AUTOS</key>
				<string>YES_AGGRESSIVE</string>
				<key>GCC_WARN_UNUSED_FUNCTION</key>
				<string>YES</string>
				<key>GCC_WARN_UNUSED_VARIABLE</key>
				<string>YES</string>
				<key>MACOSX_DEPLOYMENT_TARGET</key>
				<string>10.10</string>
				<key>MTL_ENABLE_DEBUG_INFO</key>
				<string>YES</string>
				<key>ONLY_ACTIVE_ARCH</key>
				<string>YES</string>
				<key>SDKROOT</key>
				<string>macosx</string>
			</dict>
			<key>isa</key>
			<string>XCBuildConfiguration</string>
			<key>name</key>
			<string>Debug</string>
		</dict>
		<key>9BE1446019E3B4FA00FB2294</key>
		<dict>
			<key>buildSettings</key>
			<dict>
				<key>ALWAYS_SEARCH_USER_PATHS</key>
				<string>NO</string>
				<key>CLANG_CXX_LANGUAGE_STANDARD</key>
				<string>gnu++0x</string>
				<key>CLANG_CXX_LIBRARY</key>
				<string>libc++</string>
				<key>CLANG_ENABLE_MODULES</key>
				<string>YES</string>
				<key>CLANG_ENABLE_OBJC_ARC</key>
				<string>YES</string>
				<key>CLANG_WARN_BOOL_CONVERSION</key>
				<string>YES</string>
				<key>CLANG_WARN_CONSTANT_CONVERSION</key>
				<string>YES</string>
				<key>CLANG_WARN_DIRECT_OBJC_ISA_USAGE</key>
				<string>YES_ERROR</string>
				<key>CLANG_WARN_EMPTY_BODY</key>
				<string>YES</string>
				<key>CLANG_WARN_ENUM_CONVERSION</key>
				<string>YES</string>
				<key>CLANG_WARN_INT_CONVERSION</key>
				<string>YES</string>
				<key>CLANG_WARN_OBJC_ROOT_CLASS</key>
				<string>YES_ERROR</string>
				<key>CLANG_WARN_UNREACHABLE_CODE</key>
				<string>YES</string>
				<key>CLANG_WARN__DUPLICATE_METHOD_MATCH</key>
				<string>YES</string>
				<key>CODE_SIGN_IDENTITY</key>
				<string>-</string>
				<key>COPY_PHASE_STRIP</key>
				<string>YES</string>
				<key>DEBUG_INFORMATION_FORMAT</key>
				<string>dwarf-with-dsym</string>
				<key>ENABLE_NS_ASSERTIONS</key>
				<string>NO</string>
				<key>ENABLE_STRICT_OBJC_MSGSEND</key>
				<string>YES</string>
				<key>GCC_C_LANGUAGE_STANDARD</key>
				<string>gnu99</string>
				<key>GCC_WARN_64_TO_32_BIT_CONVERSION</key>
				<string>YES</string>
				<key>GCC_WARN_ABOUT_RETURN_TYPE</key>
				<string>YES_ERROR</string>
				<key>GCC_WARN_UNDECLARED_SELECTOR</key>
				<string>YES</string>
				<key>GCC_WARN_UNINITIALIZED_AUTOS</key>
				<string>YES_AGGRESSIVE</string>
				<key>GCC_WARN_UNUSED_FUNCTION</key>
				<string>YES</string>
				<key>GCC_WARN_UNUSED_VARIABLE</key>
				<string>YES</string>
				<key>MACOSX_DEPLOYMENT_TARGET</key>
				<string>10.10</string>
				<key>MTL_ENABLE_DEBUG_INFO</key>
				<string>NO</string>
				<key>SDKROOT</key>
				<string>macosx</string>
			</dict>
			<key>isa</key>
			<string>XCBuildConfiguration</string>
			<key>name</key>
			<string>Release</string>
		</dict>
		<key>9BE1446119E3B4FA00FB2294</key>
		<dict>
			<key>buildConfigurations</key>
			<array>
				<string>9BE1446219E3B4FA00FB2294</string>
				<string>9BE1446319E3B4FA00FB2294</string>
			</array>
			<key>defaultConfigurationIsVisible</key>
			<string>0</string>
			<key>defaultConfigurationName</key>
			<string>Release</string>
			<key>isa</key>
			<string>XCConfigurationList</string>
		</dict>
		<key>9BE1446219E3B4FA00FB2294</key>
		<dict>
			<key>baseConfigurationReference</key>
			<string>63B58B84DAED815B2096E918</string>
			<key>buildSettings</key>
			<dict>
				<key>ASSETCATALOG_COMPILER_APPICON_NAME</key>
				<string>AppIcon</string>
				<key>COMBINE_HIDPI_IMAGES</key>
				<string>YES</string>
				<key>INFOPLIST_FILE</key>
				<string>MDS9/Info.plist</string>
				<key>LD_RUNPATH_SEARCH_PATHS</key>
				<string>$(inherited) @executable_path/../Frameworks</string>
				<key>LIBRARY_SEARCH_PATHS</key>
				<array>
					<string>$(inherited)</string>
					<string>$(PROJECT_DIR)/cfitsio</string>
				</array>
				<key>MACOSX_DEPLOYMENT_TARGET</key>
				<string>10.10</string>
				<key>PRODUCT_NAME</key>
				<string>$(TARGET_NAME)</string>
			</dict>
			<key>isa</key>
			<string>XCBuildConfiguration</string>
			<key>name</key>
			<string>Debug</string>
		</dict>
		<key>9BE1446319E3B4FA00FB2294</key>
		<dict>
			<key>baseConfigurationReference</key>
			<string>0482E64C4FF499DE955F3DDC</string>
			<key>buildSettings</key>
			<dict>
				<key>ASSETCATALOG_COMPILER_APPICON_NAME</key>
				<string>AppIcon</string>
				<key>COMBINE_HIDPI_IMAGES</key>
				<string>YES</string>
				<key>INFOPLIST_FILE</key>
				<string>MDS9/Info.plist</string>
				<key>LD_RUNPATH_SEARCH_PATHS</key>
				<string>$(inherited) @executable_path/../Frameworks</string>
				<key>LIBRARY_SEARCH_PATHS</key>
				<array>
					<string>$(inherited)</string>
					<string>$(PROJECT_DIR)/cfitsio</string>
				</array>
				<key>MACOSX_DEPLOYMENT_TARGET</key>
				<string>10.10</string>
				<key>PRODUCT_NAME</key>
				<string>$(TARGET_NAME)</string>
			</dict>
			<key>isa</key>
			<string>XCBuildConfiguration</string>
			<key>name</key>
			<string>Release</string>
		</dict>
		<key>9BE1446419E3B4FA00FB2294</key>
		<dict>
			<key>buildConfigurations</key>
			<array>
				<string>9BE1446519E3B4FA00FB2294</string>
				<string>9BE1446619E3B4FA00FB2294</string>
			</array>
			<key>defaultConfigurationIsVisible</key>
			<string>0</string>
			<key>defaultConfigurationName</key>
			<string>Release</string>
			<key>isa</key>
			<string>XCConfigurationList</string>
		</dict>
		<key>9BE1446519E3B4FA00FB2294</key>
		<dict>
			<key>buildSettings</key>
			<dict>
				<key>BUNDLE_LOADER</key>
				<string>$(TEST_HOST)</string>
				<key>COMBINE_HIDPI_IMAGES</key>
				<string>YES</string>
				<key>FRAMEWORK_SEARCH_PATHS</key>
				<array>
					<string>$(DEVELOPER_FRAMEWORKS_DIR)</string>
					<string>$(inherited)</string>
				</array>
				<key>GCC_PREPROCESSOR_DEFINITIONS</key>
				<array>
					<string>DEBUG=1</string>
					<string>$(inherited)</string>
				</array>
				<key>INFOPLIST_FILE</key>
				<string>MDS9Tests/Info.plist</string>
				<key>LD_RUNPATH_SEARCH_PATHS</key>
				<string>$(inherited) @executable_path/../Frameworks @loader_path/../Frameworks</string>
				<key>PRODUCT_NAME</key>
				<string>$(TARGET_NAME)</string>
				<key>TEST_HOST</key>
				<string>$(BUILT_PRODUCTS_DIR)/MDS9.app/Contents/MacOS/MDS9</string>
			</dict>
			<key>isa</key>
			<string>XCBuildConfiguration</string>
			<key>name</key>
			<string>Debug</string>
		</dict>
		<key>9BE1446619E3B4FA00FB2294</key>
		<dict>
			<key>buildSettings</key>
			<dict>
				<key>BUNDLE_LOADER</key>
				<string>$(TEST_HOST)</string>
				<key>COMBINE_HIDPI_IMAGES</key>
				<string>YES</string>
				<key>FRAMEWORK_SEARCH_PATHS</key>
				<array>
					<string>$(DEVELOPER_FRAMEWORKS_DIR)</string>
					<string>$(inherited)</string>
				</array>
				<key>INFOPLIST_FILE</key>
				<string>MDS9Tests/Info.plist</string>
				<key>LD_RUNPATH_SEARCH_PATHS</key>
				<string>$(inherited) @executable_path/../Frameworks @loader_path/../Frameworks</string>
				<key>PRODUCT_NAME</key>
				<string>$(TARGET_NAME)</string>
				<key>TEST_HOST</key>
				<string>$(BUILT_PRODUCTS_DIR)/MDS9.app/Contents/MacOS/MDS9</string>
			</dict>
			<key>isa</key>
			<string>XCBuildConfiguration</string>
			<key>name</key>
			<string>Release</string>
		</dict>
	</dict>
	<key>rootObject</key>
	<string>9BE1443C19E3B4FA00FB2294</string>
</dict>
</plist>
